
Microsoft Visual Studio Solution File, Format Version 12.00
# Visual Studio Version 17
VisualStudioVersion = 17.8.34330.188
MinimumVisualStudioVersion = 10.0.40219.1
Project("{9A19103F-16F7-4668-BE54-9A1E7A4F7556}") = "WarnoModAutomation", "WarnoModeAutomation\WarnoModAutomation.csproj", "{E43E3C68-7070-4D8C-85AE-86F440E5E763}"
EndProject
Project("{9A19103F-16F7-4668-BE54-9A1E7A4F7556}") = "NDFSerialization", "NDFSerialization\NDFSerialization.csproj", "{7D58E5F4-0C3C-4341-A16C-397F6E9C426E}"
EndProject
Project("{9A19103F-16F7-4668-BE54-9A1E7A4F7556}") = "WebSearch", "WebSearch\WebSearch.csproj", "{2622A3C6-C840-46C4-A373-6F54412E3C4D}"
EndProject
Project("{9A19103F-16F7-4668-BE54-9A1E7A4F7556}") = "JsonDatabase", "JsonDatabase\JsonDatabase.csproj", "{777A0853-950A-44EB-B92D-1E53FB2A1087}"
EndProject
Project("{9A19103F-16F7-4668-BE54-9A1E7A4F7556}") = "nUnitTests", "nUnitTests\nUnitTests.csproj", "{1F9BB650-B859-4F39-9D6F-877715353B3F}"
EndProject
Project("{2150E333-8FDC-42A3-9474-1A3956D46DE8}") = "Solution Items", "Solution Items", "{C90D6053-F9A0-44D9-965C-966B8A1FAAD1}"
	ProjectSection(SolutionItems) = preProject
		.editorconfig = .editorconfig
		README.md = README.md
	EndProjectSection
EndProject
Global
	GlobalSection(SolutionConfigurationPlatforms) = preSolution
		Debug|Any CPU = Debug|Any CPU
		Release|Any CPU = Release|Any CPU
	EndGlobalSection
	GlobalSection(ProjectConfigurationPlatforms) = postSolution
		{E43E3C68-7070-4D8C-85AE-86F440E5E763}.Debug|Any CPU.ActiveCfg = Debug|Any CPU
		{E43E3C68-7070-4D8C-85AE-86F440E5E763}.Debug|Any CPU.Build.0 = Debug|Any CPU
		{E43E3C68-7070-4D8C-85AE-86F440E5E763}.Debug|Any CPU.Deploy.0 = Debug|Any CPU
		{E43E3C68-7070-4D8C-85AE-86F440E5E763}.Release|Any CPU.ActiveCfg = Release|Any CPU
		{E43E3C68-7070-4D8C-85AE-86F440E5E763}.Release|Any CPU.Build.0 = Release|Any CPU
		{E43E3C68-7070-4D8C-85AE-86F440E5E763}.Release|Any CPU.Deploy.0 = Release|Any CPU
		{7D58E5F4-0C3C-4341-A16C-397F6E9C426E}.Debug|Any CPU.ActiveCfg = Debug|Any CPU
		{7D58E5F4-0C3C-4341-A16C-397F6E9C426E}.Debug|Any CPU.Build.0 = Debug|Any CPU
		{7D58E5F4-0C3C-4341-A16C-397F6E9C426E}.Release|Any CPU.ActiveCfg = Release|Any CPU
		{7D58E5F4-0C3C-4341-A16C-397F6E9C426E}.Release|Any CPU.Build.0 = Release|Any CPU
		{2622A3C6-C840-46C4-A373-6F54412E3C4D}.Debug|Any CPU.ActiveCfg = Debug|Any CPU
		{2622A3C6-C840-46C4-A373-6F54412E3C4D}.Debug|Any CPU.Build.0 = Debug|Any CPU
		{2622A3C6-C840-46C4-A373-6F54412E3C4D}.Release|Any CPU.ActiveCfg = Release|Any CPU
		{2622A3C6-C840-46C4-A373-6F54412E3C4D}.Release|Any CPU.Build.0 = Release|Any CPU
		{777A0853-950A-44EB-B92D-1E53FB2A1087}.Debug|Any CPU.ActiveCfg = Debug|Any CPU
		{777A0853-950A-44EB-B92D-1E53FB2A1087}.Debug|Any CPU.Build.0 = Debug|Any CPU
		{777A0853-950A-44EB-B92D-1E53FB2A1087}.Release|Any CPU.ActiveCfg = Release|Any CPU
		{777A0853-950A-44EB-B92D-1E53FB2A1087}.Release|Any CPU.Build.0 = Release|Any CPU
		{1F9BB650-B859-4F39-9D6F-877715353B3F}.Debug|Any CPU.ActiveCfg = Debug|Any CPU
		{1F9BB650-B859-4F39-9D6F-877715353B3F}.Debug|Any CPU.Build.0 = Debug|Any CPU
		{1F9BB650-B859-4F39-9D6F-877715353B3F}.Release|Any CPU.ActiveCfg = Release|Any CPU
		{1F9BB650-B859-4F39-9D6F-877715353B3F}.Release|Any CPU.Build.0 = Release|Any CPU
	EndGlobalSection
	GlobalSection(SolutionProperties) = preSolution
		HideSolutionNode = FALSE
	EndGlobalSection
	GlobalSection(ExtensibilityGlobals) = postSolution
		SolutionGuid = {EE165F02-FB08-4454-93ED-CF7788D76D5F}
	EndGlobalSection
EndGlobal
